{
  "requires": true,
  "lockfileVersion": 1,
  "dependencies": {
    "sylvester": {
      "version": "0.0.21",
      "resolved": "https://registry.npmjs.org/sylvester/-/sylvester-0.0.21.tgz",
      "integrity": "sha512-yUT0ukFkFEt4nb+NY+n2ag51aS/u9UHXoZw+A4jgD77/jzZsBoSDHuqysrVCBC4CYR4TYvUJq54ONpXgDBH8tA=="
    }
  }
}
